// !$*UTF8*$!
{
	archiveVersion = 1;
	classes = {
	};
	objectVersion = 56;
	objects = {

/* Begin PBXBuildFile section */
		63084113296D8863007B1E0B /* SideMenuOptionRowView.swift in Sources */ = {isa = PBXBuildFile; fileRef = 63084112296D8863007B1E0B /* SideMenuOptionRowView.swift */; };
		6316141729543BF9008B1F06 /* TwitterSwiftUICloneApp.swift in Sources */ = {isa = PBXBuildFile; fileRef = 6316141629543BF9008B1F06 /* TwitterSwiftUICloneApp.swift */; };
		6316141929543BF9008B1F06 /* ContentView.swift in Sources */ = {isa = PBXBuildFile; fileRef = 6316141829543BF9008B1F06 /* ContentView.swift */; };
		6316141B29543BFA008B1F06 /* Assets.xcassets in Resources */ = {isa = PBXBuildFile; fileRef = 6316141A29543BFA008B1F06 /* Assets.xcassets */; };
		6316141E29543BFA008B1F06 /* Preview Assets.xcassets in Resources */ = {isa = PBXBuildFile; fileRef = 6316141D29543BFA008B1F06 /* Preview Assets.xcassets */; };
		6316142D29544413008B1F06 /* FeedView.swift in Sources */ = {isa = PBXBuildFile; fileRef = 6316142C29544413008B1F06 /* FeedView.swift */; };
		631614302954D385008B1F06 /* TweetRowView.swift in Sources */ = {isa = PBXBuildFile; fileRef = 6316142F2954D385008B1F06 /* TweetRowView.swift */; };
		6316143329562C48008B1F06 /* MainTabView.swift in Sources */ = {isa = PBXBuildFile; fileRef = 6316143229562C48008B1F06 /* MainTabView.swift */; };
		6316143B29563168008B1F06 /* ExploreView.swift in Sources */ = {isa = PBXBuildFile; fileRef = 6316143A29563168008B1F06 /* ExploreView.swift */; };
		6316143D295631A7008B1F06 /* NotificationView.swift in Sources */ = {isa = PBXBuildFile; fileRef = 6316143C295631A7008B1F06 /* NotificationView.swift */; };
		6316143F295631E0008B1F06 /* MassagesView.swift in Sources */ = {isa = PBXBuildFile; fileRef = 6316143E295631E0008B1F06 /* MassagesView.swift */; };
		634C73D2296C0F1D007A599D /* UserRowView.swift in Sources */ = {isa = PBXBuildFile; fileRef = 634C73D1296C0F1D007A599D /* UserRowView.swift */; };
		634C73D7296C3F3D007A599D /* SiedeMenuView.swift in Sources */ = {isa = PBXBuildFile; fileRef = 634C73D6296C3F3D007A599D /* SiedeMenuView.swift */; };
		634C73D9296C3F93007A599D /* SideMenuRowView.swift in Sources */ = {isa = PBXBuildFile; fileRef = 634C73D8296C3F93007A599D /* SideMenuRowView.swift */; };
		634C73DB296C3FBB007A599D /* SideMenuViewModel.swift in Sources */ = {isa = PBXBuildFile; fileRef = 634C73DA296C3FBB007A599D /* SideMenuViewModel.swift */; };
		634C73DD296C443D007A599D /* UserStatsView.swift in Sources */ = {isa = PBXBuildFile; fileRef = 634C73DC296C443D007A599D /* UserStatsView.swift */; };
		63A6D5852956E02E00FA65AA /* ProfileView.swift in Sources */ = {isa = PBXBuildFile; fileRef = 63A6D5842956E02E00FA65AA /* ProfileView.swift */; };
		63A6D587295B795500FA65AA /* TweetFilterViewModel.swift in Sources */ = {isa = PBXBuildFile; fileRef = 63A6D586295B795500FA65AA /* TweetFilterViewModel.swift */; };
/* End PBXBuildFile section */

/* Begin PBXFileReference section */
		63084112296D8863007B1E0B /* SideMenuOptionRowView.swift */ = {isa = PBXFileReference; lastKnownFileType = sourcecode.swift; path = SideMenuOptionRowView.swift; sourceTree = "<group>"; };
		6316141329543BF9008B1F06 /* TwitterSwiftUIClone.app */ = {isa = PBXFileReference; explicitFileType = wrapper.application; includeInIndex = 0; path = TwitterSwiftUIClone.app; sourceTree = BUILT_PRODUCTS_DIR; };
		6316141629543BF9008B1F06 /* TwitterSwiftUICloneApp.swift */ = {isa = PBXFileReference; lastKnownFileType = sourcecode.swift; path = TwitterSwiftUICloneApp.swift; sourceTree = "<group>"; };
		6316141829543BF9008B1F06 /* ContentView.swift */ = {isa = PBXFileReference; lastKnownFileType = sourcecode.swift; path = ContentView.swift; sourceTree = "<group>"; };
		6316141A29543BFA008B1F06 /* Assets.xcassets */ = {isa = PBXFileReference; lastKnownFileType = folder.assetcatalog; path = Assets.xcassets; sourceTree = "<group>"; };
		6316141D29543BFA008B1F06 /* Preview Assets.xcassets */ = {isa = PBXFileReference; lastKnownFileType = folder.assetcatalog; path = "Preview Assets.xcassets"; sourceTree = "<group>"; };
		6316142C29544413008B1F06 /* FeedView.swift */ = {isa = PBXFileReference; lastKnownFileType = sourcecode.swift; path = FeedView.swift; sourceTree = "<group>"; };
		6316142F2954D385008B1F06 /* TweetRowView.swift */ = {isa = PBXFileReference; lastKnownFileType = sourcecode.swift; path = TweetRowView.swift; sourceTree = "<group>"; };
		6316143229562C48008B1F06 /* MainTabView.swift */ = {isa = PBXFileReference; lastKnownFileType = sourcecode.swift; path = MainTabView.swift; sourceTree = "<group>"; };
		6316143A29563168008B1F06 /* ExploreView.swift */ = {isa = PBXFileReference; lastKnownFileType = sourcecode.swift; path = ExploreView.swift; sourceTree = "<group>"; };
		6316143C295631A7008B1F06 /* NotificationView.swift */ = {isa = PBXFileReference; lastKnownFileType = sourcecode.swift; path = NotificationView.swift; sourceTree = "<group>"; };
		6316143E295631E0008B1F06 /* MassagesView.swift */ = {isa = PBXFileReference; lastKnownFileType = sourcecode.swift; path = MassagesView.swift; sourceTree = "<group>"; };
		634C73D1296C0F1D007A599D /* UserRowView.swift */ = {isa = PBXFileReference; lastKnownFileType = sourcecode.swift; path = UserRowView.swift; sourceTree = "<group>"; };
		634C73D6296C3F3D007A599D /* SiedeMenuView.swift */ = {isa = PBXFileReference; lastKnownFileType = sourcecode.swift; path = SiedeMenuView.swift; sourceTree = "<group>"; };
		634C73D8296C3F93007A599D /* SideMenuRowView.swift */ = {isa = PBXFileReference; lastKnownFileType = sourcecode.swift; path = SideMenuRowView.swift; sourceTree = "<group>"; };
		634C73DA296C3FBB007A599D /* SideMenuViewModel.swift */ = {isa = PBXFileReference; lastKnownFileType = sourcecode.swift; path = SideMenuViewModel.swift; sourceTree = "<group>"; };
		634C73DC296C443D007A599D /* UserStatsView.swift */ = {isa = PBXFileReference; lastKnownFileType = sourcecode.swift; path = UserStatsView.swift; sourceTree = "<group>"; };
		63A6D5842956E02E00FA65AA /* ProfileView.swift */ = {isa = PBXFileReference; lastKnownFileType = sourcecode.swift; path = ProfileView.swift; sourceTree = "<group>"; };
		63A6D586295B795500FA65AA /* TweetFilterViewModel.swift */ = {isa = PBXFileReference; lastKnownFileType = sourcecode.swift; name = TweetFilterViewModel.swift; path = TwitterSwiftUIClone/Core/Profile/Views/TweetFilterViewModel.swift; sourceTree = SOURCE_ROOT; };
/* End PBXFileReference section */

/* Begin PBXFrameworksBuildPhase section */
		6316141029543BF9008B1F06 /* Frameworks */ = {
			isa = PBXFrameworksBuildPhase;
			buildActionMask = 2147483647;
			files = (
			);
			runOnlyForDeploymentPostprocessing = 0;
		};
/* End PBXFrameworksBuildPhase section */

/* Begin PBXGroup section */
		6316140A29543BF9008B1F06 = {
			isa = PBXGroup;
			children = (
				6316141529543BF9008B1F06 /* TwitterSwiftUIClone */,
				6316141429543BF9008B1F06 /* Products */,
			);
			sourceTree = "<group>";
		};
		6316141429543BF9008B1F06 /* Products */ = {
			isa = PBXGroup;
			children = (
				6316141329543BF9008B1F06 /* TwitterSwiftUIClone.app */,
			);
			name = Products;
			sourceTree = "<group>";
		};
		6316141529543BF9008B1F06 /* TwitterSwiftUIClone */ = {
			isa = PBXGroup;
			children = (
				6316142729543CA9008B1F06 /* Extentions */,
				6316142429543C92008B1F06 /* Model */,
				6316142529543CA7008B1F06 /* Service */,
				6316142629543CA8008B1F06 /* Core */,
				6316141629543BF9008B1F06 /* TwitterSwiftUICloneApp.swift */,
				6316141829543BF9008B1F06 /* ContentView.swift */,
				6316141A29543BFA008B1F06 /* Assets.xcassets */,
				6316141C29543BFA008B1F06 /* Preview Content */,
			);
			path = TwitterSwiftUIClone;
			sourceTree = "<group>";
		};
		6316141C29543BFA008B1F06 /* Preview Content */ = {
			isa = PBXGroup;
			children = (
				6316141D29543BFA008B1F06 /* Preview Assets.xcassets */,
			);
			path = "Preview Content";
			sourceTree = "<group>";
		};
		6316142429543C92008B1F06 /* Model */ = {
			isa = PBXGroup;
			children = (
			);
			path = Model;
			sourceTree = "<group>";
		};
		6316142529543CA7008B1F06 /* Service */ = {
			isa = PBXGroup;
			children = (
			);
			path = Service;
			sourceTree = "<group>";
		};
		6316142629543CA8008B1F06 /* Core */ = {
			isa = PBXGroup;
			children = (
				63161428295442F0008B1F06 /* Components */,
				634C73D3296C3EAE007A599D /* SideMenu */,
				63161438295630F3008B1F06 /* Profile */,
				631614372956300A008B1F06 /* Explore */,
				6316143429562FCA008B1F06 /* Notifications */,
				6316143929563108008B1F06 /* Massages */,
				6316143129562BFC008B1F06 /* MainTab */,
				6316142929544316008B1F06 /* Feed */,
			);
			path = Core;
			sourceTree = "<group>";
		};
		6316142729543CA9008B1F06 /* Extentions */ = {
			isa = PBXGroup;
			children = (
			);
			path = Extentions;
			sourceTree = "<group>";
		};
		63161428295442F0008B1F06 /* Components */ = {
			isa = PBXGroup;
			children = (
				634C73D0296C0EF3007A599D /* Users */,
				6316142E2954D32B008B1F06 /* Tweets */,
				634C73D1296C0F1D007A599D /* UserRowView.swift */,
			);
			path = Components;
			sourceTree = "<group>";
		};
		6316142929544316008B1F06 /* Feed */ = {
			isa = PBXGroup;
			children = (
				6316142A295443A3008B1F06 /* ViewModels */,
				6316142B295443B9008B1F06 /* View */,
			);
			path = Feed;
			sourceTree = "<group>";
		};
		6316142A295443A3008B1F06 /* ViewModels */ = {
			isa = PBXGroup;
			children = (
			);
			path = ViewModels;
			sourceTree = "<group>";
		};
		6316142B295443B9008B1F06 /* View */ = {
			isa = PBXGroup;
			children = (
				6316142C29544413008B1F06 /* FeedView.swift */,
			);
			path = View;
			sourceTree = "<group>";
		};
		6316142E2954D32B008B1F06 /* Tweets */ = {
			isa = PBXGroup;
			children = (
				6316142F2954D385008B1F06 /* TweetRowView.swift */,
			);
			path = Tweets;
			sourceTree = "<group>";
		};
		6316143129562BFC008B1F06 /* MainTab */ = {
			isa = PBXGroup;
			children = (
				6316143229562C48008B1F06 /* MainTabView.swift */,
			);
			path = MainTab;
			sourceTree = "<group>";
		};
		6316143429562FCA008B1F06 /* Notifications */ = {
			isa = PBXGroup;
			children = (
				6316143C295631A7008B1F06 /* NotificationView.swift */,
			);
			path = Notifications;
			sourceTree = "<group>";
		};
		631614372956300A008B1F06 /* Explore */ = {
			isa = PBXGroup;
			children = (
				634C73CE296C0E6C007A599D /* ViewModels */,
				634C73CF296C0E80007A599D /* Views */,
			);
			path = Explore;
			sourceTree = "<group>";
		};
		63161438295630F3008B1F06 /* Profile */ = {
			isa = PBXGroup;
			children = (
				63A6D5832956DFF900FA65AA /* ViewModels */,
				63A6D5822956DFEC00FA65AA /* Views */,
			);
			path = Profile;
			sourceTree = "<group>";
		};
		6316143929563108008B1F06 /* Massages */ = {
			isa = PBXGroup;
			children = (
				6316143E295631E0008B1F06 /* MassagesView.swift */,
			);
			path = Massages;
			sourceTree = "<group>";
		};
		634C73CE296C0E6C007A599D /* ViewModels */ = {
			isa = PBXGroup;
			children = (
			);
			path = ViewModels;
			sourceTree = "<group>";
		};
		634C73CF296C0E80007A599D /* Views */ = {
			isa = PBXGroup;
			children = (
				6316143A29563168008B1F06 /* ExploreView.swift */,
			);
			path = Views;
			sourceTree = "<group>";
		};
		634C73D0296C0EF3007A599D /* Users */ = {
			isa = PBXGroup;
			children = (
				634C73DC296C443D007A599D /* UserStatsView.swift */,
			);
			path = Users;
			sourceTree = "<group>";
		};
		634C73D3296C3EAE007A599D /* SideMenu */ = {
			isa = PBXGroup;
			children = (
				634C73D4296C3EED007A599D /* ViewModel */,
				634C73D5296C3F02007A599D /* Views */,
			);
			path = SideMenu;
			sourceTree = "<group>";
		};
		634C73D4296C3EED007A599D /* ViewModel */ = {
			isa = PBXGroup;
			children = (
				634C73DA296C3FBB007A599D /* SideMenuViewModel.swift */,
			);
			path = ViewModel;
			sourceTree = "<group>";
		};
		634C73D5296C3F02007A599D /* Views */ = {
			isa = PBXGroup;
			children = (
				634C73D6296C3F3D007A599D /* SiedeMenuView.swift */,
				634C73D8296C3F93007A599D /* SideMenuRowView.swift */,
				63084112296D8863007B1E0B /* SideMenuOptionRowView.swift */,
			);
			path = Views;
			sourceTree = "<group>";
		};
		63A6D5822956DFEC00FA65AA /* Views */ = {
			isa = PBXGroup;
			children = (
				63A6D5842956E02E00FA65AA /* ProfileView.swift */,
			);
			path = Views;
			sourceTree = "<group>";
		};
		63A6D5832956DFF900FA65AA /* ViewModels */ = {
			isa = PBXGroup;
			children = (
				63A6D586295B795500FA65AA /* TweetFilterViewModel.swift */,
			);
			name = ViewModels;
			path = "New Group/ViewModels";
			sourceTree = "<group>";
		};
/* End PBXGroup section */

/* Begin PBXNativeTarget section */
		6316141229543BF9008B1F06 /* TwitterSwiftUIClone */ = {
			isa = PBXNativeTarget;
			buildConfigurationList = 6316142129543BFA008B1F06 /* Build configuration list for PBXNativeTarget "TwitterSwiftUIClone" */;
			buildPhases = (
				6316140F29543BF9008B1F06 /* Sources */,
				6316141029543BF9008B1F06 /* Frameworks */,
				6316141129543BF9008B1F06 /* Resources */,
			);
			buildRules = (
			);
			dependencies = (
			);
			name = TwitterSwiftUIClone;
			productName = TwitterSwiftUIClone;
			productReference = 6316141329543BF9008B1F06 /* TwitterSwiftUIClone.app */;
			productType = "com.apple.product-type.application";
		};
/* End PBXNativeTarget section */

/* Begin PBXProject section */
		6316140B29543BF9008B1F06 /* Project object */ = {
			isa = PBXProject;
			attributes = {
				BuildIndependentTargetsInParallel = 1;
				LastSwiftUpdateCheck = 1420;
				LastUpgradeCheck = 1420;
				TargetAttributes = {
					6316141229543BF9008B1F06 = {
						CreatedOnToolsVersion = 14.2;
					};
				};
			};
			buildConfigurationList = 6316140E29543BF9008B1F06 /* Build configuration list for PBXProject "TwitterSwiftUIClone" */;
			compatibilityVersion = "Xcode 14.0";
			developmentRegion = en;
			hasScannedForEncodings = 0;
			knownRegions = (
				en,
				Base,
			);
			mainGroup = 6316140A29543BF9008B1F06;
			productRefGroup = 6316141429543BF9008B1F06 /* Products */;
			projectDirPath = "";
			projectRoot = "";
			targets = (
				6316141229543BF9008B1F06 /* TwitterSwiftUIClone */,
			);
		};
/* End PBXProject section */

/* Begin PBXResourcesBuildPhase section */
		6316141129543BF9008B1F06 /* Resources */ = {
			isa = PBXResourcesBuildPhase;
			buildActionMask = 2147483647;
			files = (
				6316141E29543BFA008B1F06 /* Preview Assets.xcassets in Resources */,
				6316141B29543BFA008B1F06 /* Assets.xcassets in Resources */,
			);
			runOnlyForDeploymentPostprocessing = 0;
		};
/* End PBXResourcesBuildPhase section */

/* Begin PBXSourcesBuildPhase section */
		6316140F29543BF9008B1F06 /* Sources */ = {
			isa = PBXSourcesBuildPhase;
			buildActionMask = 2147483647;
			files = (
				6316142D29544413008B1F06 /* FeedView.swift in Sources */,
				63A6D5852956E02E00FA65AA /* ProfileView.swift in Sources */,
				6316143329562C48008B1F06 /* MainTabView.swift in Sources */,
				634C73D9296C3F93007A599D /* SideMenuRowView.swift in Sources */,
				6316143D295631A7008B1F06 /* NotificationView.swift in Sources */,
				634C73D7296C3F3D007A599D /* SiedeMenuView.swift in Sources */,
				63A6D587295B795500FA65AA /* TweetFilterViewModel.swift in Sources */,
				631614302954D385008B1F06 /* TweetRowView.swift in Sources */,
				6316143F295631E0008B1F06 /* MassagesView.swift in Sources */,
				6316141929543BF9008B1F06 /* ContentView.swift in Sources */,
				634C73DB296C3FBB007A599D /* SideMenuViewModel.swift in Sources */,
				634C73D2296C0F1D007A599D /* UserRowView.swift in Sources */,
				63084113296D8863007B1E0B /* SideMenuOptionRowView.swift in Sources */,
				6316143B29563168008B1F06 /* ExploreView.swift in Sources */,
				6316141729543BF9008B1F06 /* TwitterSwiftUICloneApp.swift in Sources */,
				634C73DD296C443D007A599D /* UserStatsView.swift in Sources */,
			);
			runOnlyForDeploymentPostprocessing = 0;
		};
/* End PBXSourcesBuildPhase section */

/* Begin XCBuildConfiguration section */
		6316141F29543BFA008B1F06 /* Debug */ = {
			isa = XCBuildConfiguration;
			buildSettings = {
				ALWAYS_SEARCH_USER_PATHS = NO;
				CLANG_ANALYZER_NONNULL = YES;
				CLANG_ANALYZER_NUMBER_OBJECT_CONVERSION = YES_AGGRESSIVE;
				CLANG_CXX_LANGUAGE_STANDARD = "gnu++20";
				CLANG_ENABLE_MODULES = YES;
				CLANG_ENABLE_OBJC_ARC = YES;
				CLANG_ENABLE_OBJC_WEAK = YES;
				CLANG_WARN_BLOCK_CAPTURE_AUTORELEASING = YES;
				CLANG_WARN_BOOL_CONVERSION = YES;
				CLANG_WARN_COMMA = YES;
				CLANG_WARN_CONSTANT_CONVERSION = YES;
				CLANG_WARN_DEPRECATED_OBJC_IMPLEMENTATIONS = YES;
				CLANG_WARN_DIRECT_OBJC_ISA_USAGE = YES_ERROR;
				CLANG_WARN_DOCUMENTATION_COMMENTS = YES;
				CLANG_WARN_EMPTY_BODY = YES;
				CLANG_WARN_ENUM_CONVERSION = YES;
				CLANG_WARN_INFINITE_RECURSION = YES;
				CLANG_WARN_INT_CONVERSION = YES;
				CLANG_WARN_NON_LITERAL_NULL_CONVERSION = YES;
				CLANG_WARN_OBJC_IMPLICIT_RETAIN_SELF = YES;
				CLANG_WARN_OBJC_LITERAL_CONVERSION = YES;
				CLANG_WARN_OBJC_ROOT_CLASS = YES_ERROR;
				CLANG_WARN_QUOTED_INCLUDE_IN_FRAMEWORK_HEADER = YES;
				CLANG_WARN_RANGE_LOOP_ANALYSIS = YES;
				CLANG_WARN_STRICT_PROTOTYPES = YES;
				CLANG_WARN_SUSPICIOUS_MOVE = YES;
				CLANG_WARN_UNGUARDED_AVAILABILITY = YES_AGGRESSIVE;
				CLANG_WARN_UNREACHABLE_CODE = YES;
				CLANG_WARN__DUPLICATE_METHOD_MATCH = YES;
				COPY_PHASE_STRIP = NO;
				DEBUG_INFORMATION_FORMAT = dwarf;
				ENABLE_STRICT_OBJC_MSGSEND = YES;
				ENABLE_TESTABILITY = YES;
				GCC_C_LANGUAGE_STANDARD = gnu11;
				GCC_DYNAMIC_NO_PIC = NO;
				GCC_NO_COMMON_BLOCKS = YES;
				GCC_OPTIMIZATION_LEVEL = 0;
				GCC_PREPROCESSOR_DEFINITIONS = (
					"DEBUG=1",
					"$(inherited)",
				);
				GCC_WARN_64_TO_32_BIT_CONVERSION = YES;
				GCC_WARN_ABOUT_RETURN_TYPE = YES_ERROR;
				GCC_WARN_UNDECLARED_SELECTOR = YES;
				GCC_WARN_UNINITIALIZED_AUTOS = YES_AGGRESSIVE;
				GCC_WARN_UNUSED_FUNCTION = YES;
				GCC_WARN_UNUSED_VARIABLE = YES;
				IPHONEOS_DEPLOYMENT_TARGET = 16.2;
				MTL_ENABLE_DEBUG_INFO = INCLUDE_SOURCE;
				MTL_FAST_MATH = YES;
				ONLY_ACTIVE_ARCH = YES;
				SDKROOT = iphoneos;
				SWIFT_ACTIVE_COMPILATION_CONDITIONS = DEBUG;
				SWIFT_OPTIMIZATION_LEVEL = "-Onone";
			};
			name = Debug;
		};
		6316142029543BFA008B1F06 /* Release */ = {
			isa = XCBuildConfiguration;
			buildSettings = {
				ALWAYS_SEARCH_USER_PATHS = NO;
				CLANG_ANALYZER_NONNULL = YES;
				CLANG_ANALYZER_NUMBER_OBJECT_CONVERSION = YES_AGGRESSIVE;
				CLANG_CXX_LANGUAGE_STANDARD = "gnu++20";
				CLANG_ENABLE_MODULES = YES;
				CLANG_ENABLE_OBJC_ARC = YES;
				CLANG_ENABLE_OBJC_WEAK = YES;
				CLANG_WARN_BLOCK_CAPTURE_AUTORELEASING = YES;
				CLANG_WARN_BOOL_CONVERSION = YES;
				CLANG_WARN_COMMA = YES;
				CLANG_WARN_CONSTANT_CONVERSION = YES;
				CLANG_WARN_DEPRECATED_OBJC_IMPLEMENTATIONS = YES;
				CLANG_WARN_DIRECT_OBJC_ISA_USAGE = YES_ERROR;
				CLANG_WARN_DOCUMENTATION_COMMENTS = YES;
				CLANG_WARN_EMPTY_BODY = YES;
				CLANG_WARN_ENUM_CONVERSION = YES;
				CLANG_WARN_INFINITE_RECURSION = YES;
				CLANG_WARN_INT_CONVERSION = YES;
				CLANG_WARN_NON_LITERAL_NULL_CONVERSION = YES;
				CLANG_WARN_OBJC_IMPLICIT_RETAIN_SELF = YES;
				CLANG_WARN_OBJC_LITERAL_CONVERSION = YES;
				CLANG_WARN_OBJC_ROOT_CLASS = YES_ERROR;
				CLANG_WARN_QUOTED_INCLUDE_IN_FRAMEWORK_HEADER = YES;
				CLANG_WARN_RANGE_LOOP_ANALYSIS = YES;
				CLANG_WARN_STRICT_PROTOTYPES = YES;
				CLANG_WARN_SUSPICIOUS_MOVE = YES;
				CLANG_WARN_UNGUARDED_AVAILABILITY = YES_AGGRESSIVE;
				CLANG_WARN_UNREACHABLE_CODE = YES;
				CLANG_WARN__DUPLICATE_METHOD_MATCH = YES;
				COPY_PHASE_STRIP = NO;
				DEBUG_INFORMATION_FORMAT = "dwarf-with-dsym";
				ENABLE_NS_ASSERTIONS = NO;
				ENABLE_STRICT_OBJC_MSGSEND = YES;
				GCC_C_LANGUAGE_STANDARD = gnu11;
				GCC_NO_COMMON_BLOCKS = YES;
				GCC_WARN_64_TO_32_BIT_CONVERSION = YES;
				GCC_WARN_ABOUT_RETURN_TYPE = YES_ERROR;
				GCC_WARN_UNDECLARED_SELECTOR = YES;
				GCC_WARN_UNINITIALIZED_AUTOS = YES_AGGRESSIVE;
				GCC_WARN_UNUSED_FUNCTION = YES;
				GCC_WARN_UNUSED_VARIABLE = YES;
				IPHONEOS_DEPLOYMENT_TARGET = 16.2;
				MTL_ENABLE_DEBUG_INFO = NO;
				MTL_FAST_MATH = YES;
				SDKROOT = iphoneos;
				SWIFT_COMPILATION_MODE = wholemodule;
				SWIFT_OPTIMIZATION_LEVEL = "-O";
				VALIDATE_PRODUCT = YES;
			};
			name = Release;
		};
		6316142229543BFA008B1F06 /* Debug */ = {
			isa = XCBuildConfiguration;
			buildSettings = {
				ASSETCATALOG_COMPILER_APPICON_NAME = AppIcon;
				ASSETCATALOG_COMPILER_GLOBAL_ACCENT_COLOR_NAME = AccentColor;
				CODE_SIGN_STYLE = Automatic;
				CURRENT_PROJECT_VERSION = 1;
				DEVELOPMENT_ASSET_PATHS = "\"TwitterSwiftUIClone/Preview Content\"";
				DEVELOPMENT_TEAM = R8AZTWSLHX;
				ENABLE_PREVIEWS = YES;
				GENERATE_INFOPLIST_FILE = YES;
				INFOPLIST_KEY_UIApplicationSceneManifest_Generation = YES;
				INFOPLIST_KEY_UIApplicationSupportsIndirectInputEvents = YES;
				INFOPLIST_KEY_UILaunchScreen_Generation = YES;
				INFOPLIST_KEY_UISupportedInterfaceOrientations_iPad = "UIInterfaceOrientationPortrait UIInterfaceOrientationPortraitUpsideDown UIInterfaceOrientationLandscapeLeft UIInterfaceOrientationLandscapeRight";
				INFOPLIST_KEY_UISupportedInterfaceOrientations_iPhone = "UIInterfaceOrientationPortrait UIInterfaceOrientationLandscapeLeft UIInterfaceOrientationLandscapeRight";
				LD_RUNPATH_SEARCH_PATHS = (
					"$(inherited)",
					"@executable_path/Frameworks",
				);
				MARKETING_VERSION = 1.0;
				PRODUCT_BUNDLE_IDENTIFIER = SabrinaInzillo.TwitterSwiftUIClone;
				PRODUCT_NAME = "$(TARGET_NAME)";
				SWIFT_EMIT_LOC_STRINGS = YES;
				SWIFT_VERSION = 5.0;
				TARGETED_DEVICE_FAMILY = "1,2";
			};
			name = Debug;
		};
		6316142329543BFA008B1F06 /* Release */ = {
			isa = XCBuildConfiguration;
			buildSettings = {
				ASSETCATALOG_COMPILER_APPICON_NAME = AppIcon;
				ASSETCATALOG_COMPILER_GLOBAL_ACCENT_COLOR_NAME = AccentColor;
				CODE_SIGN_STYLE = Automatic;
				CURRENT_PROJECT_VERSION = 1;
				DEVELOPMENT_ASSET_PATHS = "\"TwitterSwiftUIClone/Preview Content\"";
				DEVELOPMENT_TEAM = R8AZTWSLHX;
				ENABLE_PREVIEWS = YES;
				GENERATE_INFOPLIST_FILE = YES;
				INFOPLIST_KEY_UIApplicationSceneManifest_Generation = YES;
				INFOPLIST_KEY_UIApplicationSupportsIndirectInputEvents = YES;
				INFOPLIST_KEY_UILaunchScreen_Generation = YES;
				INFOPLIST_KEY_UISupportedInterfaceOrientations_iPad = "UIInterfaceOrientationPortrait UIInterfaceOrientationPortraitUpsideDown UIInterfaceOrientationLandscapeLeft UIInterfaceOrientationLandscapeRight";
				INFOPLIST_KEY_UISupportedInterfaceOrientations_iPhone = "UIInterfaceOrientationPortrait UIInterfaceOrientationLandscapeLeft UIInterfaceOrientationLandscapeRight";
				LD_RUNPATH_SEARCH_PATHS = (
					"$(inherited)",
					"@executable_path/Frameworks",
				);
				MARKETING_VERSION = 1.0;
				PRODUCT_BUNDLE_IDENTIFIER = SabrinaInzillo.TwitterSwiftUIClone;
				PRODUCT_NAME = "$(TARGET_NAME)";
				SWIFT_EMIT_LOC_STRINGS = YES;
				SWIFT_VERSION = 5.0;
				TARGETED_DEVICE_FAMILY = "1,2";
			};
			name = Release;
		};
/* End XCBuildConfiguration section */

/* Begin XCConfigurationList section */
		6316140E29543BF9008B1F06 /* Build configuration list for PBXProject "TwitterSwiftUIClone" */ = {
			isa = XCConfigurationList;
			buildConfigurations = (
				6316141F29543BFA008B1F06 /* Debug */,
				6316142029543BFA008B1F06 /* Release */,
			);
			defaultConfigurationIsVisible = 0;
			defaultConfigurationName = Release;
		};
		6316142129543BFA008B1F06 /* Build configuration list for PBXNativeTarget "TwitterSwiftUIClone" */ = {
			isa = XCConfigurationList;
			buildConfigurations = (
				6316142229543BFA008B1F06 /* Debug */,
				6316142329543BFA008B1F06 /* Release */,
			);
			defaultConfigurationIsVisible = 0;
			defaultConfigurationName = Release;
		};
/* End XCConfigurationList section */
	};
	rootObject = 6316140B29543BF9008B1F06 /* Project object */;
}
